// !$*UTF8*$!
{
	archiveVersion = 1;
	classes = {
	};
	objectVersion = 48;
	objects = {

/* Begin PBXBuildFile section */
		DA09832120974D8600DFA68B /* AppDelegate.swift in Sources */ = {isa = PBXBuildFile; fileRef = DA09832020974D8600DFA68B /* AppDelegate.swift */; };
		DA09832320974D8600DFA68B /* ViewController.swift in Sources */ = {isa = PBXBuildFile; fileRef = DA09832220974D8600DFA68B /* ViewController.swift */; };
		DA09832620974D8600DFA68B /* Main.storyboard in Resources */ = {isa = PBXBuildFile; fileRef = DA09832420974D8600DFA68B /* Main.storyboard */; };
		DA09832920974D8600DFA68B /* PaintSample.xcdatamodeld in Sources */ = {isa = PBXBuildFile; fileRef = DA09832720974D8600DFA68B /* PaintSample.xcdatamodeld */; };
		DA09832B20974D8600DFA68B /* Assets.xcassets in Resources */ = {isa = PBXBuildFile; fileRef = DA09832A20974D8600DFA68B /* Assets.xcassets */; };
		DA09832E20974D8600DFA68B /* LaunchScreen.storyboard in Resources */ = {isa = PBXBuildFile; fileRef = DA09832C20974D8600DFA68B /* LaunchScreen.storyboard */; };
		DA09833920974D8600DFA68B /* PaintSampleTests.swift in Sources */ = {isa = PBXBuildFile; fileRef = DA09833820974D8600DFA68B /* PaintSampleTests.swift */; };
		DA09834420974D8600DFA68B /* PaintSampleUITests.swift in Sources */ = {isa = PBXBuildFile; fileRef = DA09834320974D8600DFA68B /* PaintSampleUITests.swift */; };
		DA098352209751B300DFA68B /* PaintImageView.swift in Sources */ = {isa = PBXBuildFile; fileRef = DA098351209751B300DFA68B /* PaintImageView.swift */; };
/* End PBXBuildFile section */

/* Begin PBXContainerItemProxy section */
		DA09833520974D8600DFA68B /* PBXContainerItemProxy */ = {
			isa = PBXContainerItemProxy;
			containerPortal = DA09831520974D8500DFA68B /* Project object */;
			proxyType = 1;
			remoteGlobalIDString = DA09831C20974D8600DFA68B;
			remoteInfo = PaintSample;
		};
		DA09834020974D8600DFA68B /* PBXContainerItemProxy */ = {
			isa = PBXContainerItemProxy;
			containerPortal = DA09831520974D8500DFA68B /* Project object */;
			proxyType = 1;
			remoteGlobalIDString = DA09831C20974D8600DFA68B;
			remoteInfo = PaintSample;
		};
/* End PBXContainerItemProxy section */

/* Begin PBXFileReference section */
		DA09831D20974D8600DFA68B /* PaintSample.app */ = {isa = PBXFileReference; explicitFileType = wrapper.application; includeInIndex = 0; path = PaintSample.app; sourceTree = BUILT_PRODUCTS_DIR; };
		DA09832020974D8600DFA68B /* AppDelegate.swift */ = {isa = PBXFileReference; lastKnownFileType = sourcecode.swift; path = AppDelegate.swift; sourceTree = "<group>"; };
		DA09832220974D8600DFA68B /* ViewController.swift */ = {isa = PBXFileReference; lastKnownFileType = sourcecode.swift; path = ViewController.swift; sourceTree = "<group>"; };
		DA09832520974D8600DFA68B /* Base */ = {isa = PBXFileReference; lastKnownFileType = file.storyboard; name = Base; path = Base.lproj/Main.storyboard; sourceTree = "<group>"; };
		DA09832820974D8600DFA68B /* PaintSample.xcdatamodel */ = {isa = PBXFileReference; lastKnownFileType = wrapper.xcdatamodel; path = PaintSample.xcdatamodel; sourceTree = "<group>"; };
		DA09832A20974D8600DFA68B /* Assets.xcassets */ = {isa = PBXFileReference; lastKnownFileType = folder.assetcatalog; path = Assets.xcassets; sourceTree = "<group>"; };
		DA09832D20974D8600DFA68B /* Base */ = {isa = PBXFileReference; lastKnownFileType = file.storyboard; name = Base; path = Base.lproj/LaunchScreen.storyboard; sourceTree = "<group>"; };
		DA09832F20974D8600DFA68B /* Info.plist */ = {isa = PBXFileReference; lastKnownFileType = text.plist.xml; path = Info.plist; sourceTree = "<group>"; };
		DA09833420974D8600DFA68B /* PaintSampleTests.xctest */ = {isa = PBXFileReference; explicitFileType = wrapper.cfbundle; includeInIndex = 0; path = PaintSampleTests.xctest; sourceTree = BUILT_PRODUCTS_DIR; };
		DA09833820974D8600DFA68B /* PaintSampleTests.swift */ = {isa = PBXFileReference; lastKnownFileType = sourcecode.swift; path = PaintSampleTests.swift; sourceTree = "<group>"; };
		DA09833A20974D8600DFA68B /* Info.plist */ = {isa = PBXFileReference; lastKnownFileType = text.plist.xml; path = Info.plist; sourceTree = "<group>"; };
		DA09833F20974D8600DFA68B /* PaintSampleUITests.xctest */ = {isa = PBXFileReference; explicitFileType = wrapper.cfbundle; includeInIndex = 0; path = PaintSampleUITests.xctest; sourceTree = BUILT_PRODUCTS_DIR; };
		DA09834320974D8600DFA68B /* PaintSampleUITests.swift */ = {isa = PBXFileReference; lastKnownFileType = sourcecode.swift; path = PaintSampleUITests.swift; sourceTree = "<group>"; };
		DA09834520974D8600DFA68B /* Info.plist */ = {isa = PBXFileReference; lastKnownFileType = text.plist.xml; path = Info.plist; sourceTree = "<group>"; };
		DA098351209751B300DFA68B /* PaintImageView.swift */ = {isa = PBXFileReference; lastKnownFileType = sourcecode.swift; path = PaintImageView.swift; sourceTree = "<group>"; };
/* End PBXFileReference section */

/* Begin PBXFrameworksBuildPhase section */
		DA09831A20974D8600DFA68B /* Frameworks */ = {
			isa = PBXFrameworksBuildPhase;
			buildActionMask = 2147483647;
			files = (
			);
			runOnlyForDeploymentPostprocessing = 0;
		};
		DA09833120974D8600DFA68B /* Frameworks */ = {
			isa = PBXFrameworksBuildPhase;
			buildActionMask = 2147483647;
			files = (
			);
			runOnlyForDeploymentPostprocessing = 0;
		};
		DA09833C20974D8600DFA68B /* Frameworks */ = {
			isa = PBXFrameworksBuildPhase;
			buildActionMask = 2147483647;
			files = (
			);
			runOnlyForDeploymentPostprocessing = 0;
		};
/* End PBXFrameworksBuildPhase section */

/* Begin PBXGroup section */
		DA09831420974D8500DFA68B = {
			isa = PBXGroup;
			children = (
				DA09831F20974D8600DFA68B /* PaintSample */,
				DA09833720974D8600DFA68B /* PaintSampleTests */,
				DA09834220974D8600DFA68B /* PaintSampleUITests */,
				DA09831E20974D8600DFA68B /* Products */,
			);
			sourceTree = "<group>";
		};
		DA09831E20974D8600DFA68B /* Products */ = {
			isa = PBXGroup;
			children = (
				DA09831D20974D8600DFA68B /* PaintSample.app */,
				DA09833420974D8600DFA68B /* PaintSampleTests.xctest */,
				DA09833F20974D8600DFA68B /* PaintSampleUITests.xctest */,
			);
			name = Products;
			sourceTree = "<group>";
		};
		DA09831F20974D8600DFA68B /* PaintSample */ = {
			isa = PBXGroup;
			children = (
				DA09832020974D8600DFA68B /* AppDelegate.swift */,
				DA09832220974D8600DFA68B /* ViewController.swift */,
				DA09832420974D8600DFA68B /* Main.storyboard */,
				DA09832A20974D8600DFA68B /* Assets.xcassets */,
				DA09832C20974D8600DFA68B /* LaunchScreen.storyboard */,
				DA09832F20974D8600DFA68B /* Info.plist */,
				DA09832720974D8600DFA68B /* PaintSample.xcdatamodeld */,
				DA098351209751B300DFA68B /* PaintImageView.swift */,
			);
			path = PaintSample;
			sourceTree = "<group>";
		};
		DA09833720974D8600DFA68B /* PaintSampleTests */ = {
			isa = PBXGroup;
			children = (
				DA09833820974D8600DFA68B /* PaintSampleTests.swift */,
				DA09833A20974D8600DFA68B /* Info.plist */,
			);
			path = PaintSampleTests;
			sourceTree = "<group>";
		};
		DA09834220974D8600DFA68B /* PaintSampleUITests */ = {
			isa = PBXGroup;
			children = (
				DA09834320974D8600DFA68B /* PaintSampleUITests.swift */,
				DA09834520974D8600DFA68B /* Info.plist */,
			);
			path = PaintSampleUITests;
			sourceTree = "<group>";
		};
/* End PBXGroup section */

/* Begin PBXNativeTarget section */
		DA09831C20974D8600DFA68B /* PaintSample */ = {
			isa = PBXNativeTarget;
			buildConfigurationList = DA09834820974D8600DFA68B /* Build configuration list for PBXNativeTarget "PaintSample" */;
			buildPhases = (
				DA09831920974D8600DFA68B /* Sources */,
				DA09831A20974D8600DFA68B /* Frameworks */,
				DA09831B20974D8600DFA68B /* Resources */,
			);
			buildRules = (
			);
			dependencies = (
			);
			name = PaintSample;
			productName = PaintSample;
			productReference = DA09831D20974D8600DFA68B /* PaintSample.app */;
			productType = "com.apple.product-type.application";
		};
		DA09833320974D8600DFA68B /* PaintSampleTests */ = {
			isa = PBXNativeTarget;
			buildConfigurationList = DA09834B20974D8600DFA68B /* Build configuration list for PBXNativeTarget "PaintSampleTests" */;
			buildPhases = (
				DA09833020974D8600DFA68B /* Sources */,
				DA09833120974D8600DFA68B /* Frameworks */,
				DA09833220974D8600DFA68B /* Resources */,
			);
			buildRules = (
			);
			dependencies = (
				DA09833620974D8600DFA68B /* PBXTargetDependency */,
			);
			name = PaintSampleTests;
			productName = PaintSampleTests;
			productReference = DA09833420974D8600DFA68B /* PaintSampleTests.xctest */;
			productType = "com.apple.product-type.bundle.unit-test";
		};
		DA09833E20974D8600DFA68B /* PaintSampleUITests */ = {
			isa = PBXNativeTarget;
			buildConfigurationList = DA09834E20974D8600DFA68B /* Build configuration list for PBXNativeTarget "PaintSampleUITests" */;
			buildPhases = (
				DA09833B20974D8600DFA68B /* Sources */,
				DA09833C20974D8600DFA68B /* Frameworks */,
				DA09833D20974D8600DFA68B /* Resources */,
			);
			buildRules = (
			);
			dependencies = (
				DA09834120974D8600DFA68B /* PBXTargetDependency */,
			);
			name = PaintSampleUITests;
			productName = PaintSampleUITests;
			productReference = DA09833F20974D8600DFA68B /* PaintSampleUITests.xctest */;
			productType = "com.apple.product-type.bundle.ui-testing";
		};
/* End PBXNativeTarget section */

/* Begin PBXProject section */
		DA09831520974D8500DFA68B /* Project object */ = {
			isa = PBXProject;
			attributes = {
				LastSwiftUpdateCheck = 0920;
				LastUpgradeCheck = 0920;
				ORGANIZATIONNAME = kyo_s;
				TargetAttributes = {
					DA09831C20974D8600DFA68B = {
						CreatedOnToolsVersion = 9.2;
						ProvisioningStyle = Automatic;
					};
					DA09833320974D8600DFA68B = {
						CreatedOnToolsVersion = 9.2;
						ProvisioningStyle = Automatic;
						TestTargetID = DA09831C20974D8600DFA68B;
					};
					DA09833E20974D8600DFA68B = {
						CreatedOnToolsVersion = 9.2;
						ProvisioningStyle = Automatic;
						TestTargetID = DA09831C20974D8600DFA68B;
					};
				};
			};
			buildConfigurationList = DA09831820974D8500DFA68B /* Build configuration list for PBXProject "PaintSample" */;
			compatibilityVersion = "Xcode 8.0";
			developmentRegion = en;
			hasScannedForEncodings = 0;
			knownRegions = (
				en,
				Base,
			);
			mainGroup = DA09831420974D8500DFA68B;
			productRefGroup = DA09831E20974D8600DFA68B /* Products */;
			projectDirPath = "";
			projectRoot = "";
			targets = (
				DA09831C20974D8600DFA68B /* PaintSample */,
				DA09833320974D8600DFA68B /* PaintSampleTests */,
				DA09833E20974D8600DFA68B /* PaintSampleUITests */,
			);
		};
/* End PBXProject section */

/* Begin PBXResourcesBuildPhase section */
		DA09831B20974D8600DFA68B /* Resources */ = {
			isa = PBXResourcesBuildPhase;
			buildActionMask = 2147483647;
			files = (
				DA09832E20974D8600DFA68B /* LaunchScreen.storyboard in Resources */,
				DA09832B20974D8600DFA68B /* Assets.xcassets in Resources */,
				DA09832620974D8600DFA68B /* Main.storyboard in Resources */,
			);
			runOnlyForDeploymentPostprocessing = 0;
		};
		DA09833220974D8600DFA68B /* Resources */ = {
			isa = PBXResourcesBuildPhase;
			buildActionMask = 2147483647;
			files = (
			);
			runOnlyForDeploymentPostprocessing = 0;
		};
		DA09833D20974D8600DFA68B /* Resources */ = {
			isa = PBXResourcesBuildPhase;
			buildActionMask = 2147483647;
			files = (
			);
			runOnlyForDeploymentPostprocessing = 0;
		};
/* End PBXResourcesBuildPhase section */

/* Begin PBXSourcesBuildPhase section */
		DA09831920974D8600DFA68B /* Sources */ = {
			isa = PBXSourcesBuildPhase;
			buildActionMask = 2147483647;
			files = (
				DA09832320974D8600DFA68B /* ViewController.swift in Sources */,
				DA098352209751B300DFA68B /* PaintImageView.swift in Sources */,
				DA09832920974D8600DFA68B /* PaintSample.xcdatamodeld in Sources */,
				DA09832120974D8600DFA68B /* AppDelegate.swift in Sources */,
			);
			runOnlyForDeploymentPostprocessing = 0;
		};
		DA09833020974D8600DFA68B /* Sources */ = {
			isa = PBXSourcesBuildPhase;
			buildActionMask = 2147483647;
			files = (
				DA09833920974D8600DFA68B /* PaintSampleTests.swift in Sources */,
			);
			runOnlyForDeploymentPostprocessing = 0;
		};
		DA09833B20974D8600DFA68B /* Sources */ = {
			isa = PBXSourcesBuildPhase;
			buildActionMask = 2147483647;
			files = (
				DA09834420974D8600DFA68B /* PaintSampleUITests.swift in Sources */,
			);
			runOnlyForDeploymentPostprocessing = 0;
		};
/* End PBXSourcesBuildPhase section */

/* Begin PBXTargetDependency section */
		DA09833620974D8600DFA68B /* PBXTargetDependency */ = {
			isa = PBXTargetDependency;
			target = DA09831C20974D8600DFA68B /* PaintSample */;
			targetProxy = DA09833520974D8600DFA68B /* PBXContainerItemProxy */;
		};
		DA09834120974D8600DFA68B /* PBXTargetDependency */ = {
			isa = PBXTargetDependency;
			target = DA09831C20974D8600DFA68B /* PaintSample */;
			targetProxy = DA09834020974D8600DFA68B /* PBXContainerItemProxy */;
		};
/* End PBXTargetDependency section */

/* Begin PBXVariantGroup section */
		DA09832420974D8600DFA68B /* Main.storyboard */ = {
			isa = PBXVariantGroup;
			children = (
				DA09832520974D8600DFA68B /* Base */,
			);
			name = Main.storyboard;
			sourceTree = "<group>";
		};
		DA09832C20974D8600DFA68B /* LaunchScreen.storyboard */ = {
			isa = PBXVariantGroup;
			children = (
				DA09832D20974D8600DFA68B /* Base */,
			);
			name = LaunchScreen.storyboard;
			sourceTree = "<group>";
		};
/* End PBXVariantGroup section */

/* Begin XCBuildConfiguration section */
		DA09834620974D8600DFA68B /* Debug */ = {
			isa = XCBuildConfiguration;
			buildSettings = {
				ALWAYS_SEARCH_USER_PATHS = NO;
				CLANG_ANALYZER_NONNULL = YES;
				CLANG_ANALYZER_NUMBER_OBJECT_CONVERSION = YES_AGGRESSIVE;
				CLANG_CXX_LANGUAGE_STANDARD = "gnu++14";
				CLANG_CXX_LIBRARY = "libc++";
				CLANG_ENABLE_MODULES = YES;
				CLANG_ENABLE_OBJC_ARC = YES;
				CLANG_WARN_BLOCK_CAPTURE_AUTORELEASING = YES;
				CLANG_WARN_BOOL_CONVERSION = YES;
				CLANG_WARN_COMMA = YES;
				CLANG_WARN_CONSTANT_CONVERSION = YES;
				CLANG_WARN_DIRECT_OBJC_ISA_USAGE = YES_ERROR;
				CLANG_WARN_DOCUMENTATION_COMMENTS = YES;
				CLANG_WARN_EMPTY_BODY = YES;
				CLANG_WARN_ENUM_CONVERSION = YES;
				CLANG_WARN_INFINITE_RECURSION = YES;
				CLANG_WARN_INT_CONVERSION = YES;
				CLANG_WARN_NON_LITERAL_NULL_CONVERSION = YES;
				CLANG_WARN_OBJC_LITERAL_CONVERSION = YES;
				CLANG_WARN_OBJC_ROOT_CLASS = YES_ERROR;
				CLANG_WARN_RANGE_LOOP_ANALYSIS = YES;
				CLANG_WARN_STRICT_PROTOTYPES = YES;
				CLANG_WARN_SUSPICIOUS_MOVE = YES;
				CLANG_WARN_UNGUARDED_AVAILABILITY = YES_AGGRESSIVE;
				CLANG_WARN_UNREACHABLE_CODE = YES;
				CLANG_WARN__DUPLICATE_METHOD_MATCH = YES;
				CODE_SIGN_IDENTITY = "iPhone Developer";
				COPY_PHASE_STRIP = NO;
				DEBUG_INFORMATION_FORMAT = dwarf;
				ENABLE_STRICT_OBJC_MSGSEND = YES;
				ENABLE_TESTABILITY = YES;
				GCC_C_LANGUAGE_STANDARD = gnu11;
				GCC_DYNAMIC_NO_PIC = NO;
				GCC_NO_COMMON_BLOCKS = YES;
				GCC_OPTIMIZATION_LEVEL = 0;
				GCC_PREPROCESSOR_DEFINITIONS = (
					"DEBUG=1",
					"$(inherited)",
				);
				GCC_WARN_64_TO_32_BIT_CONVERSION = YES;
				GCC_WARN_ABOUT_RETURN_TYPE = YES_ERROR;
				GCC_WARN_UNDECLARED_SELECTOR = YES;
				GCC_WARN_UNINITIALIZED_AUTOS = YES_AGGRESSIVE;
				GCC_WARN_UNUSED_FUNCTION = YES;
				GCC_WARN_UNUSED_VARIABLE = YES;
				IPHONEOS_DEPLOYMENT_TARGET = 11.2;
				MTL_ENABLE_DEBUG_INFO = YES;
				ONLY_ACTIVE_ARCH = YES;
				SDKROOT = iphoneos;
				SWIFT_ACTIVE_COMPILATION_CONDITIONS = DEBUG;
				SWIFT_OPTIMIZATION_LEVEL = "-Onone";
			};
			name = Debug;
		};
		DA09834720974D8600DFA68B /* Release */ = {
			isa = XCBuildConfiguration;
			buildSettings = {
				ALWAYS_SEARCH_USER_PATHS = NO;
				CLANG_ANALYZER_NONNULL = YES;
				CLANG_ANALYZER_NUMBER_OBJECT_CONVERSION = YES_AGGRESSIVE;
				CLANG_CXX_LANGUAGE_STANDARD = "gnu++14";
				CLANG_CXX_LIBRARY = "libc++";
				CLANG_ENABLE_MODULES = YES;
				CLANG_ENABLE_OBJC_ARC = YES;
				CLANG_WARN_BLOCK_CAPTURE_AUTORELEASING = YES;
				CLANG_WARN_BOOL_CONVERSION = YES;
				CLANG_WARN_COMMA = YES;
				CLANG_WARN_CONSTANT_CONVERSION = YES;
				CLANG_WARN_DIRECT_OBJC_ISA_USAGE = YES_ERROR;
				CLANG_WARN_DOCUMENTATION_COMMENTS = YES;
				CLANG_WARN_EMPTY_BODY = YES;
				CLANG_WARN_ENUM_CONVERSION = YES;
				CLANG_WARN_INFINITE_RECURSION = YES;
				CLANG_WARN_INT_CONVERSION = YES;
				CLANG_WARN_NON_LITERAL_NULL_CONVERSION = YES;
				CLANG_WARN_OBJC_LITERAL_CONVERSION = YES;
				CLANG_WARN_OBJC_ROOT_CLASS = YES_ERROR;
				CLANG_WARN_RANGE_LOOP_ANALYSIS = YES;
				CLANG_WARN_STRICT_PROTOTYPES = YES;
				CLANG_WARN_SUSPICIOUS_MOVE = YES;
				CLANG_WARN_UNGUARDED_AVAILABILITY = YES_AGGRESSIVE;
				CLANG_WARN_UNREACHABLE_CODE = YES;
				CLANG_WARN__DUPLICATE_METHOD_MATCH = YES;
				CODE_SIGN_IDENTITY = "iPhone Developer";
				COPY_PHASE_STRIP = NO;
				DEBUG_INFORMATION_FORMAT = "dwarf-with-dsym";
				ENABLE_NS_ASSERTIONS = NO;
				ENABLE_STRICT_OBJC_MSGSEND = YES;
				GCC_C_LANGUAGE_STANDARD = gnu11;
				GCC_NO_COMMON_BLOCKS = YES;
				GCC_WARN_64_TO_32_BIT_CONVERSION = YES;
				GCC_WARN_ABOUT_RETURN_TYPE = YES_ERROR;
				GCC_WARN_UNDECLARED_SELECTOR = YES;
				GCC_WARN_UNINITIALIZED_AUTOS = YES_AGGRESSIVE;
				GCC_WARN_UNUSED_FUNCTION = YES;
				GCC_WARN_UNUSED_VARIABLE = YES;
				IPHONEOS_DEPLOYMENT_TARGET = 11.2;
				MTL_ENABLE_DEBUG_INFO = NO;
				SDKROOT = iphoneos;
				SWIFT_OPTIMIZATION_LEVEL = "-Owholemodule";
				VALIDATE_PRODUCT = YES;
			};
			name = Release;
		};
		DA09834920974D8600DFA68B /* Debug */ = {
			isa = XCBuildConfiguration;
			buildSettings = {
				ASSETCATALOG_COMPILER_APPICON_NAME = AppIcon;
				CODE_SIGN_STYLE = Automatic;
				DEVELOPMENT_TEAM = X85VXFU9Y4;
				INFOPLIST_FILE = PaintSample/Info.plist;
				LD_RUNPATH_SEARCH_PATHS = "$(inherited) @executable_path/Frameworks";
				PRODUCT_BUNDLE_IDENTIFIER = "kyo-s.PaintSample";
				PRODUCT_NAME = "$(TARGET_NAME)";
				SWIFT_VERSION = 4.0;
				TARGETED_DEVICE_FAMILY = "1,2";
			};
			name = Debug;
		};
		DA09834A20974D8600DFA68B /* Release */ = {
			isa = XCBuildConfiguration;
			buildSettings = {
				ASSETCATALOG_COMPILER_APPICON_NAME = AppIcon;
				CODE_SIGN_STYLE = Automatic;
				DEVELOPMENT_TEAM = X85VXFU9Y4;
				INFOPLIST_FILE = PaintSample/Info.plist;
				LD_RUNPATH_SEARCH_PATHS = "$(inherited) @executable_path/Frameworks";
				PRODUCT_BUNDLE_IDENTIFIER = "kyo-s.PaintSample";
				PRODUCT_NAME = "$(TARGET_NAME)";
				SWIFT_VERSION = 4.0;
				TARGETED_DEVICE_FAMILY = "1,2";
			};
			name = Release;
		};
		DA09834C20974D8600DFA68B /* Debug */ = {
			isa = XCBuildConfiguration;
			buildSettings = {
				ALWAYS_EMBED_SWIFT_STANDARD_LIBRARIES = YES;
				BUNDLE_LOADER = "$(TEST_HOST)";
				CODE_SIGN_STYLE = Automatic;
				DEVELOPMENT_TEAM = X85VXFU9Y4;
				INFOPLIST_FILE = PaintSampleTests/Info.plist;
				LD_RUNPATH_SEARCH_PATHS = "$(inherited) @executable_path/Frameworks @loader_path/Frameworks";
				PRODUCT_BUNDLE_IDENTIFIER = "kyo-s.PaintSampleTests";
				PRODUCT_NAME = "$(TARGET_NAME)";
				SWIFT_VERSION = 4.0;
				TARGETED_DEVICE_FAMILY = "1,2";
				TEST_HOST = "$(BUILT_PRODUCTS_DIR)/PaintSample.app/PaintSample";
			};
			name = Debug;
		};
		DA09834D20974D8600DFA68B /* Release */ = {
			isa = XCBuildConfiguration;
			buildSettings = {
				ALWAYS_EMBED_SWIFT_STANDARD_LIBRARIES = YES;
				BUNDLE_LOADER = "$(TEST_HOST)";
				CODE_SIGN_STYLE = Automatic;
				DEVELOPMENT_TEAM = X85VXFU9Y4;
				INFOPLIST_FILE = PaintSampleTests/Info.plist;
				LD_RUNPATH_SEARCH_PATHS = "$(inherited) @executable_path/Frameworks @loader_path/Frameworks";
				PRODUCT_BUNDLE_IDENTIFIER = "kyo-s.PaintSampleTests";
				PRODUCT_NAME = "$(TARGET_NAME)";
				SWIFT_VERSION = 4.0;
				TARGETED_DEVICE_FAMILY = "1,2";
				TEST_HOST = "$(BUILT_PRODUCTS_DIR)/PaintSample.app/PaintSample";
			};
			name = Release;
		};
		DA09834F20974D8600DFA68B /* Debug */ = {
			isa = XCBuildConfiguration;
			buildSettings = {
				ALWAYS_EMBED_SWIFT_STANDARD_LIBRARIES = YES;
				CODE_SIGN_STYLE = Automatic;
				DEVELOPMENT_TEAM = X85VXFU9Y4;
				INFOPLIST_FILE = PaintSampleUITests/Info.plist;
				LD_RUNPATH_SEARCH_PATHS = "$(inherited) @executable_path/Frameworks @loader_path/Frameworks";
				PRODUCT_BUNDLE_IDENTIFIER = "kyo-s.PaintSampleUITests";
				PRODUCT_NAME = "$(TARGET_NAME)";
				SWIFT_VERSION = 4.0;
				TARGETED_DEVICE_FAMILY = "1,2";
				TEST_TARGET_NAME = PaintSample;
			};
			name = Debug;
		};
		DA09835020974D8600DFA68B /* Release */ = {
			isa = XCBuildConfiguration;
			buildSettings = {
				ALWAYS_EMBED_SWIFT_STANDARD_LIBRARIES = YES;
				CODE_SIGN_STYLE = Automatic;
				DEVELOPMENT_TEAM = X85VXFU9Y4;
				INFOPLIST_FILE = PaintSampleUITests/Info.plist;
				LD_RUNPATH_SEARCH_PATHS = "$(inherited) @executable_path/Frameworks @loader_path/Frameworks";
				PRODUCT_BUNDLE_IDENTIFIER = "kyo-s.PaintSampleUITests";
				PRODUCT_NAME = "$(TARGET_NAME)";
				SWIFT_VERSION = 4.0;
				TARGETED_DEVICE_FAMILY = "1,2";
				TEST_TARGET_NAME = PaintSample;
			};
			name = Release;
		};
/* End XCBuildConfiguration section */

/* Begin XCConfigurationList section */
		DA09831820974D8500DFA68B /* Build configuration list for PBXProject "PaintSample" */ = {
			isa = XCConfigurationList;
			buildConfigurations = (
				DA09834620974D8600DFA68B /* Debug */,
				DA09834720974D8600DFA68B /* Release */,
			);
			defaultConfigurationIsVisible = 0;
			defaultConfigurationName = Release;
		};
		DA09834820974D8600DFA68B /* Build configuration list for PBXNativeTarget "PaintSample" */ = {
			isa = XCConfigurationList;
			buildConfigurations = (
				DA09834920974D8600DFA68B /* Debug */,
				DA09834A20974D8600DFA68B /* Release */,
			);
			defaultConfigurationIsVisible = 0;
			defaultConfigurationName = Release;
		};
		DA09834B20974D8600DFA68B /* Build configuration list for PBXNativeTarget "PaintSampleTests" */ = {
			isa = XCConfigurationList;
			buildConfigurations = (
				DA09834C20974D8600DFA68B /* Debug */,
				DA09834D20974D8600DFA68B /* Release */,
			);
			defaultConfigurationIsVisible = 0;
			defaultConfigurationName = Release;
		};
		DA09834E20974D8600DFA68B /* Build configuration list for PBXNativeTarget "PaintSampleUITests" */ = {
			isa = XCConfigurationList;
			buildConfigurations = (
				DA09834F20974D8600DFA68B /* Debug */,
				DA09835020974D8600DFA68B /* Release */,
			);
			defaultConfigurationIsVisible = 0;
			defaultConfigurationName = Release;
		};
/* End XCConfigurationList section */

/* Begin XCVersionGroup section */
		DA09832720974D8600DFA68B /* PaintSample.xcdatamodeld */ = {
			isa = XCVersionGroup;
			children = (
				DA09832820974D8600DFA68B /* PaintSample.xcdatamodel */,
			);
			currentVersion = DA09832820974D8600DFA68B /* PaintSample.xcdatamodel */;
			path = PaintSample.xcdatamodeld;
			sourceTree = "<group>";
			versionGroupType = wrapper.xcdatamodel;
		};
/* End XCVersionGroup section */
	};
	rootObject = DA09831520974D8500DFA68B /* Project object */;
}
