// !$*UTF8*$!
{
	archiveVersion = 1;
	classes = {
	};
	objectVersion = 48;
	objects = {

/* Begin PBXBuildFile section */
		DAF5F64B2099F7930076AA60 /* AppDelegate.swift in Sources */ = {isa = PBXBuildFile; fileRef = DAF5F64A2099F7930076AA60 /* AppDelegate.swift */; };
		DAF5F64D2099F7930076AA60 /* ViewController.swift in Sources */ = {isa = PBXBuildFile; fileRef = DAF5F64C2099F7930076AA60 /* ViewController.swift */; };
		DAF5F6502099F7930076AA60 /* Main.storyboard in Resources */ = {isa = PBXBuildFile; fileRef = DAF5F64E2099F7930076AA60 /* Main.storyboard */; };
		DAF5F6532099F7930076AA60 /* sampleProject.xcdatamodeld in Sources */ = {isa = PBXBuildFile; fileRef = DAF5F6512099F7930076AA60 /* sampleProject.xcdatamodeld */; };
		DAF5F6552099F7930076AA60 /* Assets.xcassets in Resources */ = {isa = PBXBuildFile; fileRef = DAF5F6542099F7930076AA60 /* Assets.xcassets */; };
		DAF5F6582099F7930076AA60 /* LaunchScreen.storyboard in Resources */ = {isa = PBXBuildFile; fileRef = DAF5F6562099F7930076AA60 /* LaunchScreen.storyboard */; };
		DAF5F6632099F7930076AA60 /* sampleProjectTests.swift in Sources */ = {isa = PBXBuildFile; fileRef = DAF5F6622099F7930076AA60 /* sampleProjectTests.swift */; };
		DAF5F66E2099F7930076AA60 /* sampleProjectUITests.swift in Sources */ = {isa = PBXBuildFile; fileRef = DAF5F66D2099F7930076AA60 /* sampleProjectUITests.swift */; };
/* End PBXBuildFile section */

/* Begin PBXContainerItemProxy section */
		DAF5F65F2099F7930076AA60 /* PBXContainerItemProxy */ = {
			isa = PBXContainerItemProxy;
			containerPortal = DAF5F63F2099F7930076AA60 /* Project object */;
			proxyType = 1;
			remoteGlobalIDString = DAF5F6462099F7930076AA60;
			remoteInfo = sampleProject;
		};
		DAF5F66A2099F7930076AA60 /* PBXContainerItemProxy */ = {
			isa = PBXContainerItemProxy;
			containerPortal = DAF5F63F2099F7930076AA60 /* Project object */;
			proxyType = 1;
			remoteGlobalIDString = DAF5F6462099F7930076AA60;
			remoteInfo = sampleProject;
		};
/* End PBXContainerItemProxy section */

/* Begin PBXFileReference section */
		DAF5F6472099F7930076AA60 /* sampleProject.app */ = {isa = PBXFileReference; explicitFileType = wrapper.application; includeInIndex = 0; path = sampleProject.app; sourceTree = BUILT_PRODUCTS_DIR; };
		DAF5F64A2099F7930076AA60 /* AppDelegate.swift */ = {isa = PBXFileReference; lastKnownFileType = sourcecode.swift; path = AppDelegate.swift; sourceTree = "<group>"; };
		DAF5F64C2099F7930076AA60 /* ViewController.swift */ = {isa = PBXFileReference; lastKnownFileType = sourcecode.swift; path = ViewController.swift; sourceTree = "<group>"; };
		DAF5F64F2099F7930076AA60 /* Base */ = {isa = PBXFileReference; lastKnownFileType = file.storyboard; name = Base; path = Base.lproj/Main.storyboard; sourceTree = "<group>"; };
		DAF5F6522099F7930076AA60 /* sampleProject.xcdatamodel */ = {isa = PBXFileReference; lastKnownFileType = wrapper.xcdatamodel; path = sampleProject.xcdatamodel; sourceTree = "<group>"; };
		DAF5F6542099F7930076AA60 /* Assets.xcassets */ = {isa = PBXFileReference; lastKnownFileType = folder.assetcatalog; path = Assets.xcassets; sourceTree = "<group>"; };
		DAF5F6572099F7930076AA60 /* Base */ = {isa = PBXFileReference; lastKnownFileType = file.storyboard; name = Base; path = Base.lproj/LaunchScreen.storyboard; sourceTree = "<group>"; };
		DAF5F6592099F7930076AA60 /* Info.plist */ = {isa = PBXFileReference; lastKnownFileType = text.plist.xml; path = Info.plist; sourceTree = "<group>"; };
		DAF5F65E2099F7930076AA60 /* sampleProjectTests.xctest */ = {isa = PBXFileReference; explicitFileType = wrapper.cfbundle; includeInIndex = 0; path = sampleProjectTests.xctest; sourceTree = BUILT_PRODUCTS_DIR; };
		DAF5F6622099F7930076AA60 /* sampleProjectTests.swift */ = {isa = PBXFileReference; lastKnownFileType = sourcecode.swift; path = sampleProjectTests.swift; sourceTree = "<group>"; };
		DAF5F6642099F7930076AA60 /* Info.plist */ = {isa = PBXFileReference; lastKnownFileType = text.plist.xml; path = Info.plist; sourceTree = "<group>"; };
		DAF5F6692099F7930076AA60 /* sampleProjectUITests.xctest */ = {isa = PBXFileReference; explicitFileType = wrapper.cfbundle; includeInIndex = 0; path = sampleProjectUITests.xctest; sourceTree = BUILT_PRODUCTS_DIR; };
		DAF5F66D2099F7930076AA60 /* sampleProjectUITests.swift */ = {isa = PBXFileReference; lastKnownFileType = sourcecode.swift; path = sampleProjectUITests.swift; sourceTree = "<group>"; };
		DAF5F66F2099F7930076AA60 /* Info.plist */ = {isa = PBXFileReference; lastKnownFileType = text.plist.xml; path = Info.plist; sourceTree = "<group>"; };
/* End PBXFileReference section */

/* Begin PBXFrameworksBuildPhase section */
		DAF5F6442099F7930076AA60 /* Frameworks */ = {
			isa = PBXFrameworksBuildPhase;
			buildActionMask = 2147483647;
			files = (
			);
			runOnlyForDeploymentPostprocessing = 0;
		};
		DAF5F65B2099F7930076AA60 /* Frameworks */ = {
			isa = PBXFrameworksBuildPhase;
			buildActionMask = 2147483647;
			files = (
			);
			runOnlyForDeploymentPostprocessing = 0;
		};
		DAF5F6662099F7930076AA60 /* Frameworks */ = {
			isa = PBXFrameworksBuildPhase;
			buildActionMask = 2147483647;
			files = (
			);
			runOnlyForDeploymentPostprocessing = 0;
		};
/* End PBXFrameworksBuildPhase section */

/* Begin PBXGroup section */
		DAF5F63E2099F7930076AA60 = {
			isa = PBXGroup;
			children = (
				DAF5F6492099F7930076AA60 /* sampleProject */,
				DAF5F6612099F7930076AA60 /* sampleProjectTests */,
				DAF5F66C2099F7930076AA60 /* sampleProjectUITests */,
				DAF5F6482099F7930076AA60 /* Products */,
			);
			sourceTree = "<group>";
		};
		DAF5F6482099F7930076AA60 /* Products */ = {
			isa = PBXGroup;
			children = (
				DAF5F6472099F7930076AA60 /* sampleProject.app */,
				DAF5F65E2099F7930076AA60 /* sampleProjectTests.xctest */,
				DAF5F6692099F7930076AA60 /* sampleProjectUITests.xctest */,
			);
			name = Products;
			sourceTree = "<group>";
		};
		DAF5F6492099F7930076AA60 /* sampleProject */ = {
			isa = PBXGroup;
			children = (
				DAF5F64A2099F7930076AA60 /* AppDelegate.swift */,
				DAF5F64C2099F7930076AA60 /* ViewController.swift */,
				DAF5F64E2099F7930076AA60 /* Main.storyboard */,
				DAF5F6542099F7930076AA60 /* Assets.xcassets */,
				DAF5F6562099F7930076AA60 /* LaunchScreen.storyboard */,
				DAF5F6592099F7930076AA60 /* Info.plist */,
				DAF5F6512099F7930076AA60 /* sampleProject.xcdatamodeld */,
			);
			path = sampleProject;
			sourceTree = "<group>";
		};
		DAF5F6612099F7930076AA60 /* sampleProjectTests */ = {
			isa = PBXGroup;
			children = (
				DAF5F6622099F7930076AA60 /* sampleProjectTests.swift */,
				DAF5F6642099F7930076AA60 /* Info.plist */,
			);
			path = sampleProjectTests;
			sourceTree = "<group>";
		};
		DAF5F66C2099F7930076AA60 /* sampleProjectUITests */ = {
			isa = PBXGroup;
			children = (
				DAF5F66D2099F7930076AA60 /* sampleProjectUITests.swift */,
				DAF5F66F2099F7930076AA60 /* Info.plist */,
			);
			path = sampleProjectUITests;
			sourceTree = "<group>";
		};
/* End PBXGroup section */

/* Begin PBXNativeTarget section */
		DAF5F6462099F7930076AA60 /* sampleProject */ = {
			isa = PBXNativeTarget;
			buildConfigurationList = DAF5F6722099F7930076AA60 /* Build configuration list for PBXNativeTarget "sampleProject" */;
			buildPhases = (
				DAF5F6432099F7930076AA60 /* Sources */,
				DAF5F6442099F7930076AA60 /* Frameworks */,
				DAF5F6452099F7930076AA60 /* Resources */,
			);
			buildRules = (
			);
			dependencies = (
			);
			name = sampleProject;
			productName = sampleProject;
			productReference = DAF5F6472099F7930076AA60 /* sampleProject.app */;
			productType = "com.apple.product-type.application";
		};
		DAF5F65D2099F7930076AA60 /* sampleProjectTests */ = {
			isa = PBXNativeTarget;
			buildConfigurationList = DAF5F6752099F7930076AA60 /* Build configuration list for PBXNativeTarget "sampleProjectTests" */;
			buildPhases = (
				DAF5F65A2099F7930076AA60 /* Sources */,
				DAF5F65B2099F7930076AA60 /* Frameworks */,
				DAF5F65C2099F7930076AA60 /* Resources */,
			);
			buildRules = (
			);
			dependencies = (
				DAF5F6602099F7930076AA60 /* PBXTargetDependency */,
			);
			name = sampleProjectTests;
			productName = sampleProjectTests;
			productReference = DAF5F65E2099F7930076AA60 /* sampleProjectTests.xctest */;
			productType = "com.apple.product-type.bundle.unit-test";
		};
		DAF5F6682099F7930076AA60 /* sampleProjectUITests */ = {
			isa = PBXNativeTarget;
			buildConfigurationList = DAF5F6782099F7930076AA60 /* Build configuration list for PBXNativeTarget "sampleProjectUITests" */;
			buildPhases = (
				DAF5F6652099F7930076AA60 /* Sources */,
				DAF5F6662099F7930076AA60 /* Frameworks */,
				DAF5F6672099F7930076AA60 /* Resources */,
			);
			buildRules = (
			);
			dependencies = (
				DAF5F66B2099F7930076AA60 /* PBXTargetDependency */,
			);
			name = sampleProjectUITests;
			productName = sampleProjectUITests;
			productReference = DAF5F6692099F7930076AA60 /* sampleProjectUITests.xctest */;
			productType = "com.apple.product-type.bundle.ui-testing";
		};
/* End PBXNativeTarget section */

/* Begin PBXProject section */
		DAF5F63F2099F7930076AA60 /* Project object */ = {
			isa = PBXProject;
			attributes = {
				LastSwiftUpdateCheck = 0920;
				LastUpgradeCheck = 0920;
				ORGANIZATIONNAME = kyo_s;
				TargetAttributes = {
					DAF5F6462099F7930076AA60 = {
						CreatedOnToolsVersion = 9.2;
						ProvisioningStyle = Automatic;
					};
					DAF5F65D2099F7930076AA60 = {
						CreatedOnToolsVersion = 9.2;
						ProvisioningStyle = Automatic;
						TestTargetID = DAF5F6462099F7930076AA60;
					};
					DAF5F6682099F7930076AA60 = {
						CreatedOnToolsVersion = 9.2;
						ProvisioningStyle = Automatic;
						TestTargetID = DAF5F6462099F7930076AA60;
					};
				};
			};
			buildConfigurationList = DAF5F6422099F7930076AA60 /* Build configuration list for PBXProject "sampleProject" */;
			compatibilityVersion = "Xcode 8.0";
			developmentRegion = en;
			hasScannedForEncodings = 0;
			knownRegions = (
				en,
				Base,
			);
			mainGroup = DAF5F63E2099F7930076AA60;
			productRefGroup = DAF5F6482099F7930076AA60 /* Products */;
			projectDirPath = "";
			projectRoot = "";
			targets = (
				DAF5F6462099F7930076AA60 /* sampleProject */,
				DAF5F65D2099F7930076AA60 /* sampleProjectTests */,
				DAF5F6682099F7930076AA60 /* sampleProjectUITests */,
			);
		};
/* End PBXProject section */

/* Begin PBXResourcesBuildPhase section */
		DAF5F6452099F7930076AA60 /* Resources */ = {
			isa = PBXResourcesBuildPhase;
			buildActionMask = 2147483647;
			files = (
				DAF5F6582099F7930076AA60 /* LaunchScreen.storyboard in Resources */,
				DAF5F6552099F7930076AA60 /* Assets.xcassets in Resources */,
				DAF5F6502099F7930076AA60 /* Main.storyboard in Resources */,
			);
			runOnlyForDeploymentPostprocessing = 0;
		};
		DAF5F65C2099F7930076AA60 /* Resources */ = {
			isa = PBXResourcesBuildPhase;
			buildActionMask = 2147483647;
			files = (
			);
			runOnlyForDeploymentPostprocessing = 0;
		};
		DAF5F6672099F7930076AA60 /* Resources */ = {
			isa = PBXResourcesBuildPhase;
			buildActionMask = 2147483647;
			files = (
			);
			runOnlyForDeploymentPostprocessing = 0;
		};
/* End PBXResourcesBuildPhase section */

/* Begin PBXSourcesBuildPhase section */
		DAF5F6432099F7930076AA60 /* Sources */ = {
			isa = PBXSourcesBuildPhase;
			buildActionMask = 2147483647;
			files = (
				DAF5F6532099F7930076AA60 /* sampleProject.xcdatamodeld in Sources */,
				DAF5F64D2099F7930076AA60 /* ViewController.swift in Sources */,
				DAF5F64B2099F7930076AA60 /* AppDelegate.swift in Sources */,
			);
			runOnlyForDeploymentPostprocessing = 0;
		};
		DAF5F65A2099F7930076AA60 /* Sources */ = {
			isa = PBXSourcesBuildPhase;
			buildActionMask = 2147483647;
			files = (
				DAF5F6632099F7930076AA60 /* sampleProjectTests.swift in Sources */,
			);
			runOnlyForDeploymentPostprocessing = 0;
		};
		DAF5F6652099F7930076AA60 /* Sources */ = {
			isa = PBXSourcesBuildPhase;
			buildActionMask = 2147483647;
			files = (
				DAF5F66E2099F7930076AA60 /* sampleProjectUITests.swift in Sources */,
			);
			runOnlyForDeploymentPostprocessing = 0;
		};
/* End PBXSourcesBuildPhase section */

/* Begin PBXTargetDependency section */
		DAF5F6602099F7930076AA60 /* PBXTargetDependency */ = {
			isa = PBXTargetDependency;
			target = DAF5F6462099F7930076AA60 /* sampleProject */;
			targetProxy = DAF5F65F2099F7930076AA60 /* PBXContainerItemProxy */;
		};
		DAF5F66B2099F7930076AA60 /* PBXTargetDependency */ = {
			isa = PBXTargetDependency;
			target = DAF5F6462099F7930076AA60 /* sampleProject */;
			targetProxy = DAF5F66A2099F7930076AA60 /* PBXContainerItemProxy */;
		};
/* End PBXTargetDependency section */

/* Begin PBXVariantGroup section */
		DAF5F64E2099F7930076AA60 /* Main.storyboard */ = {
			isa = PBXVariantGroup;
			children = (
				DAF5F64F2099F7930076AA60 /* Base */,
			);
			name = Main.storyboard;
			sourceTree = "<group>";
		};
		DAF5F6562099F7930076AA60 /* LaunchScreen.storyboard */ = {
			isa = PBXVariantGroup;
			children = (
				DAF5F6572099F7930076AA60 /* Base */,
			);
			name = LaunchScreen.storyboard;
			sourceTree = "<group>";
		};
/* End PBXVariantGroup section */

/* Begin XCBuildConfiguration section */
		DAF5F6702099F7930076AA60 /* Debug */ = {
			isa = XCBuildConfiguration;
			buildSettings = {
				ALWAYS_SEARCH_USER_PATHS = NO;
				CLANG_ANALYZER_NONNULL = YES;
				CLANG_ANALYZER_NUMBER_OBJECT_CONVERSION = YES_AGGRESSIVE;
				CLANG_CXX_LANGUAGE_STANDARD = "gnu++14";
				CLANG_CXX_LIBRARY = "libc++";
				CLANG_ENABLE_MODULES = YES;
				CLANG_ENABLE_OBJC_ARC = YES;
				CLANG_WARN_BLOCK_CAPTURE_AUTORELEASING = YES;
				CLANG_WARN_BOOL_CONVERSION = YES;
				CLANG_WARN_COMMA = YES;
				CLANG_WARN_CONSTANT_CONVERSION = YES;
				CLANG_WARN_DIRECT_OBJC_ISA_USAGE = YES_ERROR;
				CLANG_WARN_DOCUMENTATION_COMMENTS = YES;
				CLANG_WARN_EMPTY_BODY = YES;
				CLANG_WARN_ENUM_CONVERSION = YES;
				CLANG_WARN_INFINITE_RECURSION = YES;
				CLANG_WARN_INT_CONVERSION = YES;
				CLANG_WARN_NON_LITERAL_NULL_CONVERSION = YES;
				CLANG_WARN_OBJC_LITERAL_CONVERSION = YES;
				CLANG_WARN_OBJC_ROOT_CLASS = YES_ERROR;
				CLANG_WARN_RANGE_LOOP_ANALYSIS = YES;
				CLANG_WARN_STRICT_PROTOTYPES = YES;
				CLANG_WARN_SUSPICIOUS_MOVE = YES;
				CLANG_WARN_UNGUARDED_AVAILABILITY = YES_AGGRESSIVE;
				CLANG_WARN_UNREACHABLE_CODE = YES;
				CLANG_WARN__DUPLICATE_METHOD_MATCH = YES;
				CODE_SIGN_IDENTITY = "iPhone Developer";
				COPY_PHASE_STRIP = NO;
				DEBUG_INFORMATION_FORMAT = dwarf;
				ENABLE_STRICT_OBJC_MSGSEND = YES;
				ENABLE_TESTABILITY = YES;
				GCC_C_LANGUAGE_STANDARD = gnu11;
				GCC_DYNAMIC_NO_PIC = NO;
				GCC_NO_COMMON_BLOCKS = YES;
				GCC_OPTIMIZATION_LEVEL = 0;
				GCC_PREPROCESSOR_DEFINITIONS = (
					"DEBUG=1",
					"$(inherited)",
				);
				GCC_WARN_64_TO_32_BIT_CONVERSION = YES;
				GCC_WARN_ABOUT_RETURN_TYPE = YES_ERROR;
				GCC_WARN_UNDECLARED_SELECTOR = YES;
				GCC_WARN_UNINITIALIZED_AUTOS = YES_AGGRESSIVE;
				GCC_WARN_UNUSED_FUNCTION = YES;
				GCC_WARN_UNUSED_VARIABLE = YES;
				IPHONEOS_DEPLOYMENT_TARGET = 11.2;
				MTL_ENABLE_DEBUG_INFO = YES;
				ONLY_ACTIVE_ARCH = YES;
				SDKROOT = iphoneos;
				SWIFT_ACTIVE_COMPILATION_CONDITIONS = DEBUG;
				SWIFT_OPTIMIZATION_LEVEL = "-Onone";
			};
			name = Debug;
		};
		DAF5F6712099F7930076AA60 /* Release */ = {
			isa = XCBuildConfiguration;
			buildSettings = {
				ALWAYS_SEARCH_USER_PATHS = NO;
				CLANG_ANALYZER_NONNULL = YES;
				CLANG_ANALYZER_NUMBER_OBJECT_CONVERSION = YES_AGGRESSIVE;
				CLANG_CXX_LANGUAGE_STANDARD = "gnu++14";
				CLANG_CXX_LIBRARY = "libc++";
				CLANG_ENABLE_MODULES = YES;
				CLANG_ENABLE_OBJC_ARC = YES;
				CLANG_WARN_BLOCK_CAPTURE_AUTORELEASING = YES;
				CLANG_WARN_BOOL_CONVERSION = YES;
				CLANG_WARN_COMMA = YES;
				CLANG_WARN_CONSTANT_CONVERSION = YES;
				CLANG_WARN_DIRECT_OBJC_ISA_USAGE = YES_ERROR;
				CLANG_WARN_DOCUMENTATION_COMMENTS = YES;
				CLANG_WARN_EMPTY_BODY = YES;
				CLANG_WARN_ENUM_CONVERSION = YES;
				CLANG_WARN_INFINITE_RECURSION = YES;
				CLANG_WARN_INT_CONVERSION = YES;
				CLANG_WARN_NON_LITERAL_NULL_CONVERSION = YES;
				CLANG_WARN_OBJC_LITERAL_CONVERSION = YES;
				CLANG_WARN_OBJC_ROOT_CLASS = YES_ERROR;
				CLANG_WARN_RANGE_LOOP_ANALYSIS = YES;
				CLANG_WARN_STRICT_PROTOTYPES = YES;
				CLANG_WARN_SUSPICIOUS_MOVE = YES;
				CLANG_WARN_UNGUARDED_AVAILABILITY = YES_AGGRESSIVE;
				CLANG_WARN_UNREACHABLE_CODE = YES;
				CLANG_WARN__DUPLICATE_METHOD_MATCH = YES;
				CODE_SIGN_IDENTITY = "iPhone Developer";
				COPY_PHASE_STRIP = NO;
				DEBUG_INFORMATION_FORMAT = "dwarf-with-dsym";
				ENABLE_NS_ASSERTIONS = NO;
				ENABLE_STRICT_OBJC_MSGSEND = YES;
				GCC_C_LANGUAGE_STANDARD = gnu11;
				GCC_NO_COMMON_BLOCKS = YES;
				GCC_WARN_64_TO_32_BIT_CONVERSION = YES;
				GCC_WARN_ABOUT_RETURN_TYPE = YES_ERROR;
				GCC_WARN_UNDECLARED_SELECTOR = YES;
				GCC_WARN_UNINITIALIZED_AUTOS = YES_AGGRESSIVE;
				GCC_WARN_UNUSED_FUNCTION = YES;
				GCC_WARN_UNUSED_VARIABLE = YES;
				IPHONEOS_DEPLOYMENT_TARGET = 11.2;
				MTL_ENABLE_DEBUG_INFO = NO;
				SDKROOT = iphoneos;
				SWIFT_OPTIMIZATION_LEVEL = "-Owholemodule";
				VALIDATE_PRODUCT = YES;
			};
			name = Release;
		};
		DAF5F6732099F7930076AA60 /* Debug */ = {
			isa = XCBuildConfiguration;
			buildSettings = {
				ASSETCATALOG_COMPILER_APPICON_NAME = AppIcon;
				CODE_SIGN_STYLE = Automatic;
				DEVELOPMENT_TEAM = X85VXFU9Y4;
				INFOPLIST_FILE = sampleProject/Info.plist;
				IPHONEOS_DEPLOYMENT_TARGET = 10;
				LD_RUNPATH_SEARCH_PATHS = "$(inherited) @executable_path/Frameworks";
				PRODUCT_BUNDLE_IDENTIFIER = "kyo-s.sampleProject";
				PRODUCT_NAME = "$(TARGET_NAME)";
				SWIFT_VERSION = 4.0;
				TARGETED_DEVICE_FAMILY = "1,2";
			};
			name = Debug;
		};
		DAF5F6742099F7930076AA60 /* Release */ = {
			isa = XCBuildConfiguration;
			buildSettings = {
				ASSETCATALOG_COMPILER_APPICON_NAME = AppIcon;
				CODE_SIGN_STYLE = Automatic;
				DEVELOPMENT_TEAM = X85VXFU9Y4;
				INFOPLIST_FILE = sampleProject/Info.plist;
				IPHONEOS_DEPLOYMENT_TARGET = 10;
				LD_RUNPATH_SEARCH_PATHS = "$(inherited) @executable_path/Frameworks";
				PRODUCT_BUNDLE_IDENTIFIER = "kyo-s.sampleProject";
				PRODUCT_NAME = "$(TARGET_NAME)";
				SWIFT_VERSION = 4.0;
				TARGETED_DEVICE_FAMILY = "1,2";
			};
			name = Release;
		};
		DAF5F6762099F7930076AA60 /* Debug */ = {
			isa = XCBuildConfiguration;
			buildSettings = {
				ALWAYS_EMBED_SWIFT_STANDARD_LIBRARIES = YES;
				BUNDLE_LOADER = "$(TEST_HOST)";
				CODE_SIGN_STYLE = Automatic;
				DEVELOPMENT_TEAM = X85VXFU9Y4;
				INFOPLIST_FILE = sampleProjectTests/Info.plist;
				LD_RUNPATH_SEARCH_PATHS = "$(inherited) @executable_path/Frameworks @loader_path/Frameworks";
				PRODUCT_BUNDLE_IDENTIFIER = "kyo-s.sampleProjectTests";
				PRODUCT_NAME = "$(TARGET_NAME)";
				SWIFT_VERSION = 4.0;
				TARGETED_DEVICE_FAMILY = "1,2";
				TEST_HOST = "$(BUILT_PRODUCTS_DIR)/sampleProject.app/sampleProject";
			};
			name = Debug;
		};
		DAF5F6772099F7930076AA60 /* Release */ = {
			isa = XCBuildConfiguration;
			buildSettings = {
				ALWAYS_EMBED_SWIFT_STANDARD_LIBRARIES = YES;
				BUNDLE_LOADER = "$(TEST_HOST)";
				CODE_SIGN_STYLE = Automatic;
				DEVELOPMENT_TEAM = X85VXFU9Y4;
				INFOPLIST_FILE = sampleProjectTests/Info.plist;
				LD_RUNPATH_SEARCH_PATHS = "$(inherited) @executable_path/Frameworks @loader_path/Frameworks";
				PRODUCT_BUNDLE_IDENTIFIER = "kyo-s.sampleProjectTests";
				PRODUCT_NAME = "$(TARGET_NAME)";
				SWIFT_VERSION = 4.0;
				TARGETED_DEVICE_FAMILY = "1,2";
				TEST_HOST = "$(BUILT_PRODUCTS_DIR)/sampleProject.app/sampleProject";
			};
			name = Release;
		};
		DAF5F6792099F7930076AA60 /* Debug */ = {
			isa = XCBuildConfiguration;
			buildSettings = {
				ALWAYS_EMBED_SWIFT_STANDARD_LIBRARIES = YES;
				CODE_SIGN_STYLE = Automatic;
				DEVELOPMENT_TEAM = X85VXFU9Y4;
				INFOPLIST_FILE = sampleProjectUITests/Info.plist;
				LD_RUNPATH_SEARCH_PATHS = "$(inherited) @executable_path/Frameworks @loader_path/Frameworks";
				PRODUCT_BUNDLE_IDENTIFIER = "kyo-s.sampleProjectUITests";
				PRODUCT_NAME = "$(TARGET_NAME)";
				SWIFT_VERSION = 4.0;
				TARGETED_DEVICE_FAMILY = "1,2";
				TEST_TARGET_NAME = sampleProject;
			};
			name = Debug;
		};
		DAF5F67A2099F7930076AA60 /* Release */ = {
			isa = XCBuildConfiguration;
			buildSettings = {
				ALWAYS_EMBED_SWIFT_STANDARD_LIBRARIES = YES;
				CODE_SIGN_STYLE = Automatic;
				DEVELOPMENT_TEAM = X85VXFU9Y4;
				INFOPLIST_FILE = sampleProjectUITests/Info.plist;
				LD_RUNPATH_SEARCH_PATHS = "$(inherited) @executable_path/Frameworks @loader_path/Frameworks";
				PRODUCT_BUNDLE_IDENTIFIER = "kyo-s.sampleProjectUITests";
				PRODUCT_NAME = "$(TARGET_NAME)";
				SWIFT_VERSION = 4.0;
				TARGETED_DEVICE_FAMILY = "1,2";
				TEST_TARGET_NAME = sampleProject;
			};
			name = Release;
		};
/* End XCBuildConfiguration section */

/* Begin XCConfigurationList section */
		DAF5F6422099F7930076AA60 /* Build configuration list for PBXProject "sampleProject" */ = {
			isa = XCConfigurationList;
			buildConfigurations = (
				DAF5F6702099F7930076AA60 /* Debug */,
				DAF5F6712099F7930076AA60 /* Release */,
			);
			defaultConfigurationIsVisible = 0;
			defaultConfigurationName = Release;
		};
		DAF5F6722099F7930076AA60 /* Build configuration list for PBXNativeTarget "sampleProject" */ = {
			isa = XCConfigurationList;
			buildConfigurations = (
				DAF5F6732099F7930076AA60 /* Debug */,
				DAF5F6742099F7930076AA60 /* Release */,
			);
			defaultConfigurationIsVisible = 0;
			defaultConfigurationName = Release;
		};
		DAF5F6752099F7930076AA60 /* Build configuration list for PBXNativeTarget "sampleProjectTests" */ = {
			isa = XCConfigurationList;
			buildConfigurations = (
				DAF5F6762099F7930076AA60 /* Debug */,
				DAF5F6772099F7930076AA60 /* Release */,
			);
			defaultConfigurationIsVisible = 0;
			defaultConfigurationName = Release;
		};
		DAF5F6782099F7930076AA60 /* Build configuration list for PBXNativeTarget "sampleProjectUITests" */ = {
			isa = XCConfigurationList;
			buildConfigurations = (
				DAF5F6792099F7930076AA60 /* Debug */,
				DAF5F67A2099F7930076AA60 /* Release */,
			);
			defaultConfigurationIsVisible = 0;
			defaultConfigurationName = Release;
		};
/* End XCConfigurationList section */

/* Begin XCVersionGroup section */
		DAF5F6512099F7930076AA60 /* sampleProject.xcdatamodeld */ = {
			isa = XCVersionGroup;
			children = (
				DAF5F6522099F7930076AA60 /* sampleProject.xcdatamodel */,
			);
			currentVersion = DAF5F6522099F7930076AA60 /* sampleProject.xcdatamodel */;
			path = sampleProject.xcdatamodeld;
			sourceTree = "<group>";
			versionGroupType = wrapper.xcdatamodel;
		};
/* End XCVersionGroup section */
	};
	rootObject = DAF5F63F2099F7930076AA60 /* Project object */;
}
